
Microsoft Visual Studio Solution File, Format Version 12.00
# Visual Studio Version 16
VisualStudioVersion = 16.0.30804.86
MinimumVisualStudioVersion = 10.0.40219.1
Project("{9A19103F-16F7-4668-BE54-9A1E7A4F7556}") = "SalaryCalculator.Core.UnitTests", "SalaryCalculator.Core.UnitTests\SalaryCalculator.Core.UnitTests.csproj", "{388969D8-0D76-4209-AAB3-ED588050E759}"
EndProject
Project("{9A19103F-16F7-4668-BE54-9A1E7A4F7556}") = "SalaryCalculator.Core", "SalaryCalculator.Core\SalaryCalculator.Core.csproj", "{B78F49CD-4C56-4729-BA0C-82E2A5CE668A}"
EndProject
Project("{9A19103F-16F7-4668-BE54-9A1E7A4F7556}") = "SalaryCalculator.SharedKernel", "SalaryCalculator.SharedKernel\SalaryCalculator.SharedKernel.csproj", "{E6729A33-7F43-40FF-8FC6-2FF77B019EE0}"
EndProject
Project("{FAE04EC0-301F-11D3-BF4B-00C04F79EFBC}") = "SalaryCalculator.Infrastructure", "SalaryCalculator.Infrastructure\SalaryCalculator.Infrastructure.csproj", "{D37283D6-0652-45DD-8E5A-84F911EFA71E}"
EndProject
Project("{FAE04EC0-301F-11D3-BF4B-00C04F79EFBC}") = "SalaryCalculator.Infrastructure.Tests", "SalaryCalculator.Infrastructure.Tests\SalaryCalculator.Infrastructure.Tests.csproj", "{7930D6E7-402F-4CE9-8782-A7BAFCCF5D08}"
EndProject
Project("{2150E333-8FDC-42A3-9474-1A3956D46DE8}") = "Core", "Core", "{119C6FE7-8292-4498-941F-9C18858EB043}"
EndProject
Project("{2150E333-8FDC-42A3-9474-1A3956D46DE8}") = "Infrastructure", "Infrastructure", "{C6984306-49FE-45BB-A7C9-23320CD47C1B}"
EndProject
Global
	GlobalSection(SolutionConfigurationPlatforms) = preSolution
		Debug|Any CPU = Debug|Any CPU
		Release|Any CPU = Release|Any CPU
	EndGlobalSection
	GlobalSection(ProjectConfigurationPlatforms) = postSolution
		{388969D8-0D76-4209-AAB3-ED588050E759}.Debug|Any CPU.ActiveCfg = Debug|Any CPU
		{388969D8-0D76-4209-AAB3-ED588050E759}.Debug|Any CPU.Build.0 = Debug|Any CPU
		{388969D8-0D76-4209-AAB3-ED588050E759}.Release|Any CPU.ActiveCfg = Release|Any CPU
		{388969D8-0D76-4209-AAB3-ED588050E759}.Release|Any CPU.Build.0 = Release|Any CPU
		{B78F49CD-4C56-4729-BA0C-82E2A5CE668A}.Debug|Any CPU.ActiveCfg = Debug|Any CPU
		{B78F49CD-4C56-4729-BA0C-82E2A5CE668A}.Debug|Any CPU.Build.0 = Debug|Any CPU
		{B78F49CD-4C56-4729-BA0C-82E2A5CE668A}.Release|Any CPU.ActiveCfg = Release|Any CPU
		{B78F49CD-4C56-4729-BA0C-82E2A5CE668A}.Release|Any CPU.Build.0 = Release|Any CPU
		{E6729A33-7F43-40FF-8FC6-2FF77B019EE0}.Debug|Any CPU.ActiveCfg = Debug|Any CPU
		{E6729A33-7F43-40FF-8FC6-2FF77B019EE0}.Debug|Any CPU.Build.0 = Debug|Any CPU
		{E6729A33-7F43-40FF-8FC6-2FF77B019EE0}.Release|Any CPU.ActiveCfg = Release|Any CPU
		{E6729A33-7F43-40FF-8FC6-2FF77B019EE0}.Release|Any CPU.Build.0 = Release|Any CPU
		{D37283D6-0652-45DD-8E5A-84F911EFA71E}.Debug|Any CPU.ActiveCfg = Debug|Any CPU
		{D37283D6-0652-45DD-8E5A-84F911EFA71E}.Debug|Any CPU.Build.0 = Debug|Any CPU
		{D37283D6-0652-45DD-8E5A-84F911EFA71E}.Release|Any CPU.ActiveCfg = Release|Any CPU
		{D37283D6-0652-45DD-8E5A-84F911EFA71E}.Release|Any CPU.Build.0 = Release|Any CPU
		{7930D6E7-402F-4CE9-8782-A7BAFCCF5D08}.Debug|Any CPU.ActiveCfg = Debug|Any CPU
		{7930D6E7-402F-4CE9-8782-A7BAFCCF5D08}.Debug|Any CPU.Build.0 = Debug|Any CPU
		{7930D6E7-402F-4CE9-8782-A7BAFCCF5D08}.Release|Any CPU.ActiveCfg = Release|Any CPU
		{7930D6E7-402F-4CE9-8782-A7BAFCCF5D08}.Release|Any CPU.Build.0 = Release|Any CPU
	EndGlobalSection
	GlobalSection(SolutionProperties) = preSolution
		HideSolutionNode = FALSE
	EndGlobalSection
	GlobalSection(NestedProjects) = preSolution
		{388969D8-0D76-4209-AAB3-ED588050E759} = {119C6FE7-8292-4498-941F-9C18858EB043}
		{B78F49CD-4C56-4729-BA0C-82E2A5CE668A} = {119C6FE7-8292-4498-941F-9C18858EB043}
		{D37283D6-0652-45DD-8E5A-84F911EFA71E} = {C6984306-49FE-45BB-A7C9-23320CD47C1B}
		{7930D6E7-402F-4CE9-8782-A7BAFCCF5D08} = {C6984306-49FE-45BB-A7C9-23320CD47C1B}
	EndGlobalSection
	GlobalSection(ExtensibilityGlobals) = postSolution
		SolutionGuid = {C4B5FE6E-5E1E-4330-9FD5-5C19BC1071B8}
	EndGlobalSection
EndGlobal
